
Microsoft Visual Studio Solution File, Format Version 12.00
# Visual Studio Version 17
VisualStudioVersion = 17.8.34330.188
MinimumVisualStudioVersion = 10.0.40219.1
Project("{FAE04EC0-301F-11D3-BF4B-00C04F79EFBC}") = "Con_Exemplo01", "Con_Exemplo01\Con_Exemplo01.csproj", "{A18F85AC-B05C-42D2-B761-18C186B2FDFA}"
EndProject
Global
	GlobalSection(SolutionConfigurationPlatforms) = preSolution
		Debug|Any CPU = Debug|Any CPU
		Release|Any CPU = Release|Any CPU
	EndGlobalSection
	GlobalSection(ProjectConfigurationPlatforms) = postSolution
		{A18F85AC-B05C-42D2-B761-18C186B2FDFA}.Debug|Any CPU.ActiveCfg = Debug|Any CPU
		{A18F85AC-B05C-42D2-B761-18C186B2FDFA}.Debug|Any CPU.Build.0 = Debug|Any CPU
		{A18F85AC-B05C-42D2-B761-18C186B2FDFA}.Release|Any CPU.ActiveCfg = Release|Any CPU
		{A18F85AC-B05C-42D2-B761-18C186B2FDFA}.Release|Any CPU.Build.0 = Release|Any CPU
	EndGlobalSection
	GlobalSection(SolutionProperties) = preSolution
		HideSolutionNode = FALSE
	EndGlobalSection
	GlobalSection(ExtensibilityGlobals) = postSolution
		SolutionGuid = {98A9A03F-FDEC-4A39-B7DC-B013336AE166}
	EndGlobalSection
EndGlobal
