
Microsoft Visual Studio Solution File, Format Version 12.00
# Visual Studio Version 17
VisualStudioVersion = 17.8.34330.188
MinimumVisualStudioVersion = 10.0.40219.1
Project("{FAE04EC0-301F-11D3-BF4B-00C04F79EFBC}") = "Con_Fatoracao", "Con_Fatoracao\Con_Fatoracao.csproj", "{51FF6FF8-2D44-43AF-BB6A-C46C5EEEABDD}"
EndProject
Global
	GlobalSection(SolutionConfigurationPlatforms) = preSolution
		Debug|Any CPU = Debug|Any CPU
		Release|Any CPU = Release|Any CPU
	EndGlobalSection
	GlobalSection(ProjectConfigurationPlatforms) = postSolution
		{51FF6FF8-2D44-43AF-BB6A-C46C5EEEABDD}.Debug|Any CPU.ActiveCfg = Debug|Any CPU
		{51FF6FF8-2D44-43AF-BB6A-C46C5EEEABDD}.Debug|Any CPU.Build.0 = Debug|Any CPU
		{51FF6FF8-2D44-43AF-BB6A-C46C5EEEABDD}.Release|Any CPU.ActiveCfg = Release|Any CPU
		{51FF6FF8-2D44-43AF-BB6A-C46C5EEEABDD}.Release|Any CPU.Build.0 = Release|Any CPU
	EndGlobalSection
	GlobalSection(SolutionProperties) = preSolution
		HideSolutionNode = FALSE
	EndGlobalSection
	GlobalSection(ExtensibilityGlobals) = postSolution
		SolutionGuid = {B36A583D-9AB9-4F43-8652-BAFBCA9813EE}
	EndGlobalSection
EndGlobal
