
Microsoft Visual Studio Solution File, Format Version 12.00
# Visual Studio Version 17
VisualStudioVersion = 17.8.34330.188
MinimumVisualStudioVersion = 10.0.40219.1
Project("{FAE04EC0-301F-11D3-BF4B-00C04F79EFBC}") = "Con_Escadinha", "Con_Escadinha\Con_Escadinha.csproj", "{F30EC114-9E33-4D97-9174-55E4A06516E0}"
EndProject
Global
	GlobalSection(SolutionConfigurationPlatforms) = preSolution
		Debug|Any CPU = Debug|Any CPU
		Release|Any CPU = Release|Any CPU
	EndGlobalSection
	GlobalSection(ProjectConfigurationPlatforms) = postSolution
		{F30EC114-9E33-4D97-9174-55E4A06516E0}.Debug|Any CPU.ActiveCfg = Debug|Any CPU
		{F30EC114-9E33-4D97-9174-55E4A06516E0}.Debug|Any CPU.Build.0 = Debug|Any CPU
		{F30EC114-9E33-4D97-9174-55E4A06516E0}.Release|Any CPU.ActiveCfg = Release|Any CPU
		{F30EC114-9E33-4D97-9174-55E4A06516E0}.Release|Any CPU.Build.0 = Release|Any CPU
	EndGlobalSection
	GlobalSection(SolutionProperties) = preSolution
		HideSolutionNode = FALSE
	EndGlobalSection
	GlobalSection(ExtensibilityGlobals) = postSolution
		SolutionGuid = {44BF0011-430F-494C-BA67-D8F563F2BB09}
	EndGlobalSection
EndGlobal
