
Microsoft Visual Studio Solution File, Format Version 12.00
# Visual Studio Version 17
VisualStudioVersion = 17.8.34330.188
MinimumVisualStudioVersion = 10.0.40219.1
Project("{FAE04EC0-301F-11D3-BF4B-00C04F79EFBC}") = "Con_Abacate", "Con_Abacate\Con_Abacate.csproj", "{FAD53D33-2FBD-4E1F-BF60-1362C0D9C7EE}"
EndProject
Global
	GlobalSection(SolutionConfigurationPlatforms) = preSolution
		Debug|Any CPU = Debug|Any CPU
		Release|Any CPU = Release|Any CPU
	EndGlobalSection
	GlobalSection(ProjectConfigurationPlatforms) = postSolution
		{FAD53D33-2FBD-4E1F-BF60-1362C0D9C7EE}.Debug|Any CPU.ActiveCfg = Debug|Any CPU
		{FAD53D33-2FBD-4E1F-BF60-1362C0D9C7EE}.Debug|Any CPU.Build.0 = Debug|Any CPU
		{FAD53D33-2FBD-4E1F-BF60-1362C0D9C7EE}.Release|Any CPU.ActiveCfg = Release|Any CPU
		{FAD53D33-2FBD-4E1F-BF60-1362C0D9C7EE}.Release|Any CPU.Build.0 = Release|Any CPU
	EndGlobalSection
	GlobalSection(SolutionProperties) = preSolution
		HideSolutionNode = FALSE
	EndGlobalSection
	GlobalSection(ExtensibilityGlobals) = postSolution
		SolutionGuid = {D611472C-2D5D-44DF-BB47-24D6788AB6E0}
	EndGlobalSection
EndGlobal
